
Microsoft Visual Studio Solution File, Format Version 12.00
# Visual Studio Version 17
VisualStudioVersion = 17.13.35919.96 d17.13
MinimumVisualStudioVersion = 10.0.40219.1
Project("{FAE04EC0-301F-11D3-BF4B-00C04F79EFBC}") = "WebAPI", "WebAPI\WebAPI.csproj", "{386ABC0B-02D1-4C3C-BC7F-01F15E0B2963}"
EndProject
Global
	GlobalSection(SolutionConfigurationPlatforms) = preSolution
		Debug|Any CPU = Debug|Any CPU
		Release|Any CPU = Release|Any CPU
	EndGlobalSection
	GlobalSection(ProjectConfigurationPlatforms) = postSolution
		{386ABC0B-02D1-4C3C-BC7F-01F15E0B2963}.Debug|Any CPU.ActiveCfg = Debug|Any CPU
		{386ABC0B-02D1-4C3C-BC7F-01F15E0B2963}.Debug|Any CPU.Build.0 = Debug|Any CPU
		{386ABC0B-02D1-4C3C-BC7F-01F15E0B2963}.Release|Any CPU.ActiveCfg = Release|Any CPU
		{386ABC0B-02D1-4C3C-BC7F-01F15E0B2963}.Release|Any CPU.Build.0 = Release|Any CPU
	EndGlobalSection
	GlobalSection(SolutionProperties) = preSolution
		HideSolutionNode = FALSE
	EndGlobalSection
	GlobalSection(ExtensibilityGlobals) = postSolution
		SolutionGuid = {DA89D887-E6AD-4E9D-B429-080F0B093A4A}
	EndGlobalSection
EndGlobal
